{
  "nodes": {
    "darwin": {
      "inputs": {
        "nixpkgs": [
          "nixpkgs"
        ]
      },
      "locked": {
        "lastModified": 1663677921,
        "narHash": "sha256-NfQnUfRrjv8DXeugdbQC5El+MMhShP42ohc8iM+UAdM=",
        "owner": "LnL7",
        "repo": "nix-darwin",
        "rev": "088c98a584a38b5f844bb9e9cd32eb28479ca6d7",
        "type": "github"
      },
      "original": {
        "owner": "LnL7",
        "repo": "nix-darwin",
        "type": "github"
      }
    },
    "flake-utils": {
      "locked": {
        "lastModified": 1656928814,
        "narHash": "sha256-RIFfgBuKz6Hp89yRr7+NR5tzIAbn52h8vT6vXkYjZoM=",
        "owner": "numtide",
        "repo": "flake-utils",
        "rev": "7e2a3b3dfd9af950a856d66b0a7d01e3c18aa249",
        "type": "github"
      },
      "original": {
        "owner": "numtide",
        "repo": "flake-utils",
        "type": "github"
      }
    },
    "home-manager": {
      "inputs": {
        "nixpkgs": [
          "nixpkgs"
        ],
        "utils": "utils"
      },
      "locked": {
        "lastModified": 1663932797,
        "narHash": "sha256-IH8ZBW99W2k7wKLS+Sat9HiKX1TPZjFTnsPizK5crok=",
        "owner": "nix-community",
        "repo": "home-manager",
        "rev": "de3758e31a3a1bc79d569f5deb5dac39791bf9b6",
        "type": "github"
      },
      "original": {
        "owner": "nix-community",
        "repo": "home-manager",
        "type": "github"
      }
    },
    "naersk": {
      "inputs": {
        "nixpkgs": [
          "rnix-lsp",
          "nixpkgs"
        ]
      },
      "locked": {
        "lastModified": 1655042882,
        "narHash": "sha256-9BX8Fuez5YJlN7cdPO63InoyBy7dm3VlJkkmTt6fS1A=",
        "owner": "nix-community",
        "repo": "naersk",
        "rev": "cddffb5aa211f50c4b8750adbec0bbbdfb26bb9f",
        "type": "github"
      },
      "original": {
        "owner": "nix-community",
        "repo": "naersk",
        "type": "github"
      }
    },
    "nixpkgs": {
      "locked": {
        "lastModified": 1664058032,
        "narHash": "sha256-djifox1rDQ2x+ujJCHiXyPAl2bXk+GlYorA0Clfhfko=",
        "owner": "nixos",
        "repo": "nixpkgs",
        "rev": "f2ea9a9fcd41b65651fd89c1b9198798f4362f66",
        "type": "github"
      },
      "original": {
        "owner": "nixos",
        "ref": "nixpkgs-unstable",
        "repo": "nixpkgs",
        "type": "github"
      }
    },
    "rnix-lsp": {
      "inputs": {
        "naersk": "naersk",
        "nixpkgs": [
          "nixpkgs"
        ],
        "utils": "utils_2"
      },
      "locked": {
        "lastModified": 1663380950,
        "narHash": "sha256-OKLyIXIXhUnRB3Xw+7zI3u6XkwF7Mrbfz1XaasV6i7Q=",
        "owner": "nix-community",
        "repo": "rnix-lsp",
        "rev": "6925256babec4307479a4080b44f2be38056f210",
        "type": "github"
      },
      "original": {
        "owner": "nix-community",
        "repo": "rnix-lsp",
        "type": "github"
      }
    },
    "root": {
      "inputs": {
        "darwin": "darwin",
        "home-manager": "home-manager",
        "nixpkgs": "nixpkgs",
        "rnix-lsp": "rnix-lsp",
        "rust-overlay": "rust-overlay",
        "weechat-scripts": "weechat-scripts",
        "zk": "zk"
      }
    },
    "rust-overlay": {
      "inputs": {
        "flake-utils": "flake-utils",
        "nixpkgs": [
          "nixpkgs"
        ]
      },
      "locked": {
        "lastModified": 1664074880,
        "narHash": "sha256-/V1TX4HLADElvi3MuuIbNdvzR/HmNzbYRemKBjX/5YY=",
        "owner": "oxalica",
        "repo": "rust-overlay",
        "rev": "45140fa526b1cb85498f717e355c79a54367cb1d",
        "type": "github"
      },
      "original": {
        "owner": "oxalica",
        "repo": "rust-overlay",
        "type": "github"
      }
    },
    "utils": {
      "locked": {
        "lastModified": 1659877975,
        "narHash": "sha256-zllb8aq3YO3h8B/U0/J1WBgAL8EX5yWf5pMj3G0NAmc=",
        "owner": "numtide",
        "repo": "flake-utils",
        "rev": "c0e246b9b83f637f4681389ecabcb2681b4f3af0",
        "type": "github"
      },
      "original": {
        "owner": "numtide",
        "repo": "flake-utils",
        "type": "github"
      }
    },
    "utils_2": {
      "locked": {
        "lastModified": 1656928814,
        "narHash": "sha256-RIFfgBuKz6Hp89yRr7+NR5tzIAbn52h8vT6vXkYjZoM=",
        "owner": "numtide",
        "repo": "flake-utils",
        "rev": "7e2a3b3dfd9af950a856d66b0a7d01e3c18aa249",
        "type": "github"
      },
      "original": {
        "owner": "numtide",
        "repo": "flake-utils",
        "type": "github"
      }
    },
    "weechat-scripts": {
      "flake": false,
      "locked": {
        "lastModified": 1663613559,
        "narHash": "sha256-voK9KZj/7uxZyttCGAfNBT3k0VO+wPSvpRYe0McaeAo=",
        "owner": "weechat",
        "repo": "scripts",
        "rev": "8f017d7bd4e4539795d6338511e5a645bce42816",
        "type": "github"
      },
      "original": {
        "owner": "weechat",
        "repo": "scripts",
        "type": "github"
      }
    },
    "zk": {
      "flake": false,
      "locked": {
        "lastModified": 1664022814,
        "narHash": "sha256-NMyN/j0I3ku83HDsAxPswKYSuLzMw7TQDZpYALLoEvI=",
        "owner": "mickael-menu",
        "repo": "zk",
        "rev": "c21c4fc21f7fe75f05d3fc3d09e74ffed41ba2ef",
        "type": "github"
      },
      "original": {
        "owner": "mickael-menu",
        "repo": "zk",
        "type": "github"
      }
    }
  },
  "root": "root",
  "version": 7
}
