{
  "nodes": {
    "comma": {
      "flake": false,
      "locked": {
        "lastModified": 1588170489,
        "narHash": "sha256-IT7zlcM1Oh4sWeCJ1m4NkteuajPxTnNo1tbitG0eqlg=",
        "owner": "Shopify",
        "repo": "comma",
        "rev": "4a62ec17e20ce0e738a8e5126b4298a73903b468",
        "type": "github"
      },
      "original": {
        "owner": "Shopify",
        "repo": "comma",
        "type": "github"
      }
    },
    "darwin": {
      "inputs": {
        "nixpkgs": [
          "nixpkgs"
        ]
      },
      "locked": {
        "lastModified": 1612476302,
        "narHash": "sha256-gPQy5UoFU3pdnfJjxbhC56AnaMRx0DWMzHM51EJImN0=",
        "owner": "lnl7",
        "repo": "nix-darwin",
        "rev": "dca3806552420c811e539ede2af3aa7aec665ba1",
        "type": "github"
      },
      "original": {
        "owner": "lnl7",
        "ref": "master",
        "repo": "nix-darwin",
        "type": "github"
      }
    },
    "home-manager": {
      "inputs": {
        "nixpkgs": [
          "nixpkgs"
        ]
      },
      "locked": {
        "lastModified": 1612561117,
        "narHash": "sha256-UEB+5KCINGyaAfkgqWeUhUwyBxTrlTLO+FjbYCG4exk=",
        "owner": "nix-community",
        "repo": "home-manager",
        "rev": "d4202875831a2d1b9dd3002d89b8c794af9e5a43",
        "type": "github"
      },
      "original": {
        "owner": "nix-community",
        "repo": "home-manager",
        "type": "github"
      }
    },
    "lookatme": {
      "flake": false,
      "locked": {
        "lastModified": 1603431184,
        "narHash": "sha256-nTeCI1wFk8+5X7fROSmSIyydi0BzU7vvc+qJeQ+u4MM=",
        "owner": "d0c-s4vage",
        "repo": "lookatme",
        "rev": "a1ac49056008a1966266f352365bb6d268cb042f",
        "type": "github"
      },
      "original": {
        "owner": "d0c-s4vage",
        "repo": "lookatme",
        "type": "github"
      }
    },
    "n": {
      "flake": false,
      "locked": {
        "lastModified": 1611978845,
        "narHash": "sha256-VaZOR+5rZB5RVvwpSkNytnnLJJGDUYNthJE56oxw/7w=",
        "owner": "tj",
        "repo": "n",
        "rev": "6612af69804adbbe88351d381f44e92e1ad35573",
        "type": "github"
      },
      "original": {
        "owner": "tj",
        "repo": "n",
        "type": "github"
      }
    },
    "neovim-nightly": {
      "flake": false,
      "locked": {
        "lastModified": 1612613458,
        "narHash": "sha256-Rg3+RETG++zqjTzCJbxXNrZs9heQxugel5o51iAFZzo=",
        "owner": "neovim",
        "repo": "neovim",
        "rev": "f4f6cce952c1233136f243e76d096e3aaa0b1689",
        "type": "github"
      },
      "original": {
        "owner": "neovim",
        "ref": "master",
        "repo": "neovim",
        "type": "github"
      }
    },
    "nixpkgs": {
      "locked": {
        "lastModified": 1612611597,
        "narHash": "sha256-Z9L7stUq2t5ugZ+kTOKuNYOz+3wukFQHMhz0VnQgmE0=",
        "owner": "NixOS",
        "repo": "nixpkgs",
        "rev": "671fd3a3c13383cc1d7805e2b7854b5226205d07",
        "type": "github"
      },
      "original": {
        "id": "nixpkgs",
        "ref": "master",
        "type": "indirect"
      }
    },
    "nixpkgs-unstable": {
      "locked": {
        "lastModified": 1612611597,
        "narHash": "sha256-Z9L7stUq2t5ugZ+kTOKuNYOz+3wukFQHMhz0VnQgmE0=",
        "owner": "NixOS",
        "repo": "nixpkgs",
        "rev": "671fd3a3c13383cc1d7805e2b7854b5226205d07",
        "type": "github"
      },
      "original": {
        "id": "nixpkgs",
        "ref": "master",
        "type": "indirect"
      }
    },
    "root": {
      "inputs": {
        "comma": "comma",
        "darwin": "darwin",
        "home-manager": "home-manager",
        "lookatme": "lookatme",
        "n": "n",
        "neovim-nightly": "neovim-nightly",
        "nixpkgs": "nixpkgs",
        "nixpkgs-unstable": "nixpkgs-unstable",
        "ttrv": "ttrv",
        "weechat-scripts": "weechat-scripts",
        "z": "z"
      }
    },
    "ttrv": {
      "flake": false,
      "locked": {
        "lastModified": 1607486638,
        "narHash": "sha256-3omhnVou9lam3bd7vCYie0hpUeHEY2G8SRLsDDtH6to=",
        "owner": "tildeclub",
        "repo": "ttrv",
        "rev": "c66bc02e3f5123af4598c18501972f76e797ca56",
        "type": "github"
      },
      "original": {
        "owner": "tildeclub",
        "repo": "ttrv",
        "type": "github"
      }
    },
    "weechat-scripts": {
      "flake": false,
      "locked": {
        "lastModified": 1609361124,
        "narHash": "sha256-pg1Xn3cBx7OrsyIfFULp3CQ9Jt07kbZfvOGfj+msZcc=",
        "owner": "weechat",
        "repo": "scripts",
        "rev": "4588eaa91954a42cc9cee329f876b163cbce5552",
        "type": "github"
      },
      "original": {
        "owner": "weechat",
        "repo": "scripts",
        "type": "github"
      }
    },
    "z": {
      "flake": false,
      "locked": {
        "lastModified": 1601390160,
        "narHash": "sha256-oP7/fGqfh4Qsuzgrh+XS9xC9w6ASmZTLOF30z1AdGkY=",
        "owner": "rupa",
        "repo": "z",
        "rev": "125f4dc47e15891739dd8262d5b23077fe8fb9ab",
        "type": "github"
      },
      "original": {
        "owner": "rupa",
        "repo": "z",
        "type": "github"
      }
    }
  },
  "root": "root",
  "version": 7
}
