# THIS IS AN AUTOGENERATED FILE. DO NOT EDIT THIS FILE DIRECTLY.
# yarn lockfile v1


"@emmetio/extract-abbreviation@0.1.6":
  version "0.1.6"
  resolved "https://registry.yarnpkg.com/@emmetio/extract-abbreviation/-/extract-abbreviation-0.1.6.tgz#e4a9856c1057f0aff7d443b8536477c243abe28c"
  integrity sha512-Ce3xE2JvTSEbASFbRbA1gAIcMcZWdS2yUYRaQbeM0nbOzaZrUYfa3ePtcriYRZOZmr+CkKA+zbjhvTpIOAYVcw==

agent-base@4, agent-base@^4.3.0:
  version "4.3.0"
  resolved "https://registry.yarnpkg.com/agent-base/-/agent-base-4.3.0.tgz#8165f01c436009bccad0b1d122f05ed770efc6ee"
  integrity sha512-salcGninV0nPrwpGNn4VTXBb1SOuXQBiqbrNXoeizJsHrsL6ERFM2Ne3JUSBWRE6aeNJI2ROP/WEEIDUiDe3cg==
  dependencies:
    es6-promisify "^5.0.0"

argparse@^1.0.7:
  version "1.0.10"
  resolved "https://registry.yarnpkg.com/argparse/-/argparse-1.0.10.tgz#bcd6791ea5ae09725e17e5ad988134cd40b3d911"
  integrity sha512-o5Roy6tNG4SL/FOkCAN6RzjiakZS25RLYFrcMttJqbdd8BWrnA+fGz57iN5Pb06pvBGvl5gQ0B48dJlslXvoTg==
  dependencies:
    sprintf-js "~1.0.2"

coc-conjure@>=0.2.2:
  version "0.2.2"
  resolved "https://registry.yarnpkg.com/coc-conjure/-/coc-conjure-0.2.2.tgz#32046f322f753b835958d83f8cb501a61fd13ad9"
  integrity sha512-mafE6lVPzIShZH51cT/j5TqoVFXurW+ki5M+Vt3Ot6K3MYe7NG2CcXltvlpIS3x63xK7j00lFKjweJmgR9ab4g==

coc-css@>=1.2.3:
  version "1.2.3"
  resolved "https://registry.yarnpkg.com/coc-css/-/coc-css-1.2.3.tgz#4e115bd64c09f2e4d36418693a5155408f22de07"
  integrity sha512-6/JhWv31agvUvcUVKewpJ0z+A8ZMrRXPNNy+YohNausiw7nqKnBSnLIO0II0hXgjdAryoSGnBC/NjH7Q5P0IDw==

coc-emmet@>=1.1.4:
  version "1.1.4"
  resolved "https://registry.yarnpkg.com/coc-emmet/-/coc-emmet-1.1.4.tgz#776465b1563e953acc1779168a70fb01825a4863"
  integrity sha512-hxpldh4WYgq7JOQeAynEy+uM2M12RnxTlmY3cCDpZrkCJGZwz4BRYseXhuwieaFiut0OzqBEtWIcZLLrzROKMA==
  dependencies:
    vscode-emmet-helper "^1.2.15"

coc-java@>=1.4.9:
  version "1.4.9"
  resolved "https://registry.yarnpkg.com/coc-java/-/coc-java-1.4.9.tgz#dcd151f9c0decc078fdfec541c0e436309c3f511"
  integrity sha512-Vj2K520HZRWl01Mbw3+zFBfLins+bn5s53dNgRNr+9F8f6gZvzdww4dtleU1vqqCfuwb3ly6PSU4DZBWFpU92w==

coc-json@>=1.2.5:
  version "1.2.5"
  resolved "https://registry.yarnpkg.com/coc-json/-/coc-json-1.2.5.tgz#c49b38991d52edb8d792a6e47b219a4d69119df2"
  integrity sha512-j8EAdxXxKxc5zHwCzdGAcnXzDXjtfbL6fNb9QIlBi2CkMIoARFyU4uZsIkMoROTMPaffHDFyzyAW2UJpbIJ0WQ==

coc-python@>=1.2.9:
  version "1.2.9"
  resolved "https://registry.yarnpkg.com/coc-python/-/coc-python-1.2.9.tgz#c115e36230be5f7dd96dcb8cab95507b8eb0c20d"
  integrity sha512-ouwZI3MZnCsO/sa5O1rQYzBgPjZ8h3OkJbBYm3DzaX+x49Gp3ARHpvSF4BMphOE16HUD/bHt+RnE+HSSweGFlg==

coc-rls@>=1.1.4:
  version "1.1.4"
  resolved "https://registry.yarnpkg.com/coc-rls/-/coc-rls-1.1.4.tgz#24a8f803ed837160c536651ed718fffca392c4b1"
  integrity sha512-UcQCBSp/Mzt5SR2mS4Qukvn7mBoh86cB1Fb1/oD88+sn1RHRl67eTrdlbswzdrXyd6WotQi62okCuIhyVoqAig==

coc-tailwindcss@>=0.5.0:
  version "0.5.0"
  resolved "https://registry.yarnpkg.com/coc-tailwindcss/-/coc-tailwindcss-0.5.0.tgz#35168a2fea8eb1509913f041b54bda91383f30da"
  integrity sha512-ps00hmegKDmT3j0QaoQgnQr8XIeE1OXdQ1mR52NrBtMZTqFJ1f9C5MPmtTDzgA1xGyPKezNlchifw2CvedITig==
  dependencies:
    rustywind "^0.6.5"

coc-tsserver@>=1.5.1:
  version "1.5.1"
  resolved "https://registry.yarnpkg.com/coc-tsserver/-/coc-tsserver-1.5.1.tgz#a22e040c455fc4b57c01baef8e66253f36631be0"
  integrity sha512-33mkWOHgvB7hS/mfhCt4PfHAepnLQaTMvvsCWN3daks7yYnOdeMFplD5UORRRvvcJoOEdQBtXXu960I/Xe4MCg==
  dependencies:
    typescript "3.8.3"

coc-ultisnips@>=1.2.3:
  version "1.2.3"
  resolved "https://registry.yarnpkg.com/coc-ultisnips/-/coc-ultisnips-1.2.3.tgz#07dfc47a581111239867f7e27daf8d974f287ad6"
  integrity sha512-gefj80C24vZ9FTnFLWXhNC8aW9VBVQGELH0e80gAAZma/RY5FGOkzWVvtjO9vQqAVHt4TQUErybsf/en5ci82w==

coc-vimlsp@>=0.5.2:
  version "0.5.2"
  resolved "https://registry.yarnpkg.com/coc-vimlsp/-/coc-vimlsp-0.5.2.tgz#01d36aab2365181c67b5dac6ec6c148c688d245c"
  integrity sha512-yNGFFkjGla1yRbBDfs5Zq3zO+Z91IDzGzsuHnYSBQ9DtYS4NV90R5/s9lFGnYaS/8QNIDTG3UhC88BdXNrUV4A==

coc-yaml@>=1.0.4:
  version "1.0.4"
  resolved "https://registry.yarnpkg.com/coc-yaml/-/coc-yaml-1.0.4.tgz#59f7524ecd83cb72bbca3e9fa6cde31d33a6b3ae"
  integrity sha512-ChwFqLSF0C/c/LIhJR6ycOc7JZreFkGeNOol/+oPw+OFvY5Zgz8vjdDzmwXZlKwQMIuZAnDUFZOJaYUyCRJzsw==
  dependencies:
    yaml-language-server "^0.7.2"

debug@3.1.0:
  version "3.1.0"
  resolved "https://registry.yarnpkg.com/debug/-/debug-3.1.0.tgz#5bb5a0672628b64149566ba16819e61518c67261"
  integrity sha512-OX8XqP7/1a9cqkxYw2yXss15f26NKWBpDXQd0/uK/KPqdQhxbPa994hnzjcE2VqQpDslf55723cKPUOGSmMY3g==
  dependencies:
    ms "2.0.0"

debug@^3.1.0:
  version "3.2.6"
  resolved "https://registry.yarnpkg.com/debug/-/debug-3.2.6.tgz#e83d17de16d8a7efb7717edbe5fb10135eee629b"
  integrity sha512-mel+jf7nrtEl5Pn1Qx46zARXKDpBbvzezse7p7LqINmdoIk8PYP5SySaxEmYv6TZ0JyEKA1hsCId6DIhgITtWQ==
  dependencies:
    ms "^2.1.1"

es6-promise@^4.0.3:
  version "4.2.8"
  resolved "https://registry.yarnpkg.com/es6-promise/-/es6-promise-4.2.8.tgz#4eb21594c972bc40553d276e510539143db53e0a"
  integrity sha512-HJDGx5daxeIvxdBxvG2cb9g4tEvwIk3i8+nhX0yGrYmZUzbkdg8QbDevheDB8gd0//uPj4c1EQua8Q+MViT0/w==

es6-promisify@^5.0.0:
  version "5.0.0"
  resolved "https://registry.yarnpkg.com/es6-promisify/-/es6-promisify-5.0.0.tgz#5109d62f3e56ea967c4b63505aef08291c8a5203"
  integrity sha1-UQnWLz5W6pZ8S2NQWu8IKRyKUgM=
  dependencies:
    es6-promise "^4.0.3"

esprima@^4.0.0:
  version "4.0.1"
  resolved "https://registry.yarnpkg.com/esprima/-/esprima-4.0.1.tgz#13b04cdb3e6c5d19df91ab6987a8695619b0aa71"
  integrity sha512-eGuFFw7Upda+g4p+QHvnW0RyTX/SVeJBDM/gCtMARO0cLuT2HcEKnTPvhjV6aGeqrCB/sbNop0Kszm0jsaWU4A==

http-proxy-agent@^2.1.0:
  version "2.1.0"
  resolved "https://registry.yarnpkg.com/http-proxy-agent/-/http-proxy-agent-2.1.0.tgz#e4821beef5b2142a2026bd73926fe537631c5405"
  integrity sha512-qwHbBLV7WviBl0rQsOzH6o5lwyOIvwp/BdFnvVxXORldu5TmjFfjzBcWUWS5kWAZhmv+JtiDhSuQCp4sBfbIgg==
  dependencies:
    agent-base "4"
    debug "3.1.0"

https-proxy-agent@^2.2.3:
  version "2.2.4"
  resolved "https://registry.yarnpkg.com/https-proxy-agent/-/https-proxy-agent-2.2.4.tgz#4ee7a737abd92678a293d9b34a1af4d0d08c787b"
  integrity sha512-OmvfoQ53WLjtA9HeYP9RNrWMJzzAz1JGaSFr1nijg0PVR1JaD/xbJq1mdEIIlxGpXp9eSe/O2LgU9DJmTPd0Eg==
  dependencies:
    agent-base "^4.3.0"
    debug "^3.1.0"

js-yaml@^3.13.1:
  version "3.13.1"
  resolved "https://registry.yarnpkg.com/js-yaml/-/js-yaml-3.13.1.tgz#aff151b30bfdfa8e49e05da22e7415e9dfa37847"
  integrity sha512-YfbcO7jXDdyj0DGxYVSlSeQNHbD7XPWvrVWeVUujrQEoZzWJIRrCPoyk6kL6IAjAG2IolMK4T0hNUe0HOUs5Jw==
  dependencies:
    argparse "^1.0.7"
    esprima "^4.0.0"

jsonc-parser@^1.0.0:
  version "1.0.3"
  resolved "https://registry.yarnpkg.com/jsonc-parser/-/jsonc-parser-1.0.3.tgz#1d53d7160e401a783dbceabaad82473f80e6ad7e"
  integrity sha512-hk/69oAeaIzchq/v3lS50PXuzn5O2ynldopMC+SWBql7J2WtdptfB9dy8Y7+Og5rPkTCpn83zTiO8FMcqlXJ/g==

jsonc-parser@^2.1.0, jsonc-parser@^2.2.1:
  version "2.2.1"
  resolved "https://registry.yarnpkg.com/jsonc-parser/-/jsonc-parser-2.2.1.tgz#db73cd59d78cce28723199466b2a03d1be1df2bc"
  integrity sha512-o6/yDBYccGvTz1+QFevz6l6OBZ2+fMVu2JZ9CIhzsYRX4mjaK5IyX9eldUdCmga16zlgQxyrj5pt9kzuj2C02w==

ms@2.0.0:
  version "2.0.0"
  resolved "https://registry.yarnpkg.com/ms/-/ms-2.0.0.tgz#5608aeadfc00be6c2901df5f9861788de0d597c8"
  integrity sha1-VgiurfwAvmwpAd9fmGF4jeDVl8g=

ms@^2.1.1:
  version "2.1.2"
  resolved "https://registry.yarnpkg.com/ms/-/ms-2.1.2.tgz#d09d1f357b443f493382a8eb3ccd183872ae6009"
  integrity sha512-sGkPx+VjMtmA6MX27oA4FBFELFCZZ4S4XqeGOXCv68tT+jb3vk/RyaKWP0PTKyWtmLSM0b+adUTEvbs1PEaH2w==

prettier@^1.18.2:
  version "1.19.1"
  resolved "https://registry.yarnpkg.com/prettier/-/prettier-1.19.1.tgz#f7d7f5ff8a9cd872a7be4ca142095956a60797cb"
  integrity sha512-s7PoyDv/II1ObgQunCbB9PdLmUcBZcnWOcxDh7O0N/UwDEsHyqkW+Qh28jW+mVuCdx7gLB0BotYI1Y6uI9iyew==

request-light@^0.2.4:
  version "0.2.5"
  resolved "https://registry.yarnpkg.com/request-light/-/request-light-0.2.5.tgz#38a3da7b2e56f7af8cbba57e8a94930ee2380746"
  integrity sha512-eBEh+GzJAftUnex6tcL6eV2JCifY0+sZMIUpUPOVXbs2nV5hla4ZMmO3icYKGuGVuQ2zHE9evh4OrRcH4iyYYw==
  dependencies:
    http-proxy-agent "^2.1.0"
    https-proxy-agent "^2.2.3"
    vscode-nls "^4.1.1"

rustywind@^0.6.5:
  version "0.6.5"
  resolved "https://registry.yarnpkg.com/rustywind/-/rustywind-0.6.5.tgz#406796385dd9e9ce1314670a9d6332e1dfda9dd9"
  integrity sha512-1xMA3J/bLIsTvGmmCGXP0zwmfIvAI6R5+UNBNmZH/jB9Ba6wumzF8c6sosGk7lIjQeTfnO/F/CUoDPOGRuYNqg==

sprintf-js@~1.0.2:
  version "1.0.3"
  resolved "https://registry.yarnpkg.com/sprintf-js/-/sprintf-js-1.0.3.tgz#04e6926f662895354f3dd015203633b857297e2c"
  integrity sha1-BOaSb2YolTVPPdAVIDYzuFcpfiw=

typescript@3.8.3:
  version "3.8.3"
  resolved "https://registry.yarnpkg.com/typescript/-/typescript-3.8.3.tgz#409eb8544ea0335711205869ec458ab109ee1061"
  integrity sha512-MYlEfn5VrLNsgudQTVJeNaQFUAI7DkhnOjdpAp4T+ku1TfQClewlbSuTVHiA+8skNBgaf02TL/kLOvig4y3G8w==

vscode-emmet-helper@^1.2.15:
  version "1.2.17"
  resolved "https://registry.yarnpkg.com/vscode-emmet-helper/-/vscode-emmet-helper-1.2.17.tgz#f0c6bfcebc4285d081fb2618e6e5b9a08c567afa"
  integrity sha512-X4pzcrJ8dE7M3ArFuySF5fgipKDd/EauXkiJwtjBIVRWpVNq0tF9+lNCyuC7iDUwP3Oq7ow/TGssD3GdG96Jow==
  dependencies:
    "@emmetio/extract-abbreviation" "0.1.6"
    jsonc-parser "^1.0.0"
    vscode-languageserver-types "^3.6.0-next.1"

vscode-json-languageservice@^3.3.0:
  version "3.5.2"
  resolved "https://registry.yarnpkg.com/vscode-json-languageservice/-/vscode-json-languageservice-3.5.2.tgz#4b898140a8e581359c10660845a4cae15dcbb4f9"
  integrity sha512-9cUvBq00O08lpWVVOx6tQ1yLxCHss79nsUdEAVYGomRyMbnPBmc0AkYPcXI9WK1EM6HBo0R9Zo3NjFhcICpy4A==
  dependencies:
    jsonc-parser "^2.2.1"
    vscode-languageserver-textdocument "^1.0.1"
    vscode-languageserver-types "^3.15.1"
    vscode-nls "^4.1.1"
    vscode-uri "^2.1.1"

vscode-jsonrpc@^4.0.0:
  version "4.0.0"
  resolved "https://registry.yarnpkg.com/vscode-jsonrpc/-/vscode-jsonrpc-4.0.0.tgz#a7bf74ef3254d0a0c272fab15c82128e378b3be9"
  integrity sha512-perEnXQdQOJMTDFNv+UF3h1Y0z4iSiaN9jIlb0OqIYgosPCZGYh/MCUlkFtV2668PL69lRDO32hmvL2yiidUYg==

vscode-languageserver-protocol@3.14.1:
  version "3.14.1"
  resolved "https://registry.yarnpkg.com/vscode-languageserver-protocol/-/vscode-languageserver-protocol-3.14.1.tgz#b8aab6afae2849c84a8983d39a1cf742417afe2f"
  integrity sha512-IL66BLb2g20uIKog5Y2dQ0IiigW0XKrvmWiOvc0yXw80z3tMEzEnHjaGAb3ENuU7MnQqgnYJ1Cl2l9RvNgDi4g==
  dependencies:
    vscode-jsonrpc "^4.0.0"
    vscode-languageserver-types "3.14.0"

vscode-languageserver-textdocument@^1.0.1:
  version "1.0.1"
  resolved "https://registry.yarnpkg.com/vscode-languageserver-textdocument/-/vscode-languageserver-textdocument-1.0.1.tgz#178168e87efad6171b372add1dea34f53e5d330f"
  integrity sha512-UIcJDjX7IFkck7cSkNNyzIz5FyvpQfY7sdzVy+wkKN/BLaD4DQ0ppXQrKePomCxTS7RrolK1I0pey0bG9eh8dA==

vscode-languageserver-types@3.14.0:
  version "3.14.0"
  resolved "https://registry.yarnpkg.com/vscode-languageserver-types/-/vscode-languageserver-types-3.14.0.tgz#d3b5952246d30e5241592b6dde8280e03942e743"
  integrity sha512-lTmS6AlAlMHOvPQemVwo3CezxBp0sNB95KNPkqp3Nxd5VFEnuG1ByM0zlRWos0zjO3ZWtkvhal0COgiV1xIA4A==

vscode-languageserver-types@^3.14.0, vscode-languageserver-types@^3.15.1, vscode-languageserver-types@^3.6.0-next.1:
  version "3.15.1"
  resolved "https://registry.yarnpkg.com/vscode-languageserver-types/-/vscode-languageserver-types-3.15.1.tgz#17be71d78d2f6236d414f0001ce1ef4d23e6b6de"
  integrity sha512-+a9MPUQrNGRrGU630OGbYVQ+11iOIovjCkqxajPa9w57Sd5ruK8WQNsslzpa0x/QJqC8kRc2DUxWjIFwoNm4ZQ==

vscode-languageserver@^5.2.1:
  version "5.2.1"
  resolved "https://registry.yarnpkg.com/vscode-languageserver/-/vscode-languageserver-5.2.1.tgz#0d2feddd33f92aadf5da32450df498d52f6f14eb"
  integrity sha512-GuayqdKZqAwwaCUjDvMTAVRPJOp/SLON3mJ07eGsx/Iq9HjRymhKWztX41rISqDKhHVVyFM+IywICyZDla6U3A==
  dependencies:
    vscode-languageserver-protocol "3.14.1"
    vscode-uri "^1.0.6"

vscode-nls@^4.1.1:
  version "4.1.2"
  resolved "https://registry.yarnpkg.com/vscode-nls/-/vscode-nls-4.1.2.tgz#ca8bf8bb82a0987b32801f9fddfdd2fb9fd3c167"
  integrity sha512-7bOHxPsfyuCqmP+hZXscLhiHwe7CSuFE4hyhbs22xPIhQ4jv99FcR4eBzfYYVLP356HNFpdvz63FFb/xw6T4Iw==

vscode-uri@^1.0.6:
  version "1.0.8"
  resolved "https://registry.yarnpkg.com/vscode-uri/-/vscode-uri-1.0.8.tgz#9769aaececae4026fb6e22359cb38946580ded59"
  integrity sha512-obtSWTlbJ+a+TFRYGaUumtVwb+InIUVI0Lu0VBUAPmj2cU5JutEXg3xUE0c2J5Tcy7h2DEKVJBFi+Y9ZSFzzPQ==

vscode-uri@^2.0.3, vscode-uri@^2.1.1:
  version "2.1.1"
  resolved "https://registry.yarnpkg.com/vscode-uri/-/vscode-uri-2.1.1.tgz#5aa1803391b6ebdd17d047f51365cf62c38f6e90"
  integrity sha512-eY9jmGoEnVf8VE8xr5znSah7Qt1P/xsCdErz+g8HYZtJ7bZqKH5E3d+6oVNm1AC/c6IHUDokbmVXKOi4qPAC9A==

yaml-ast-parser-custom-tags@0.0.43:
  version "0.0.43"
  resolved "https://registry.yarnpkg.com/yaml-ast-parser-custom-tags/-/yaml-ast-parser-custom-tags-0.0.43.tgz#46968145ce4e24cb03c3312057f0f141b93a7d02"
  integrity sha512-R5063FF/JSAN6qXCmylwjt9PcDH6M0ExEme/nJBzLspc6FJDmHHIqM7xh2WfEmsTJqClF79A9VkXjkAqmZw9SQ==

yaml-language-server@^0.7.2:
  version "0.7.2"
  resolved "https://registry.yarnpkg.com/yaml-language-server/-/yaml-language-server-0.7.2.tgz#1704a44632ec6a13b47ccd93cf7eee7026422af1"
  integrity sha512-3jBsYrtnlaI5H6psW+0qzVh9LoQ21fuvC8KIupjPbQURb6cAMUGH5aElKREAevSSpgs7VIoqU1ZMCglIHm32OA==
  dependencies:
    js-yaml "^3.13.1"
    jsonc-parser "^2.1.0"
    request-light "^0.2.4"
    vscode-json-languageservice "^3.3.0"
    vscode-languageserver "^5.2.1"
    vscode-languageserver-types "^3.14.0"
    vscode-nls "^4.1.1"
    vscode-uri "^2.0.3"
    yaml-ast-parser-custom-tags "0.0.43"
  optionalDependencies:
    prettier "^1.18.2"
